
Microsoft Visual Studio Solution File, Format Version 12.00
# Visual Studio Version 17
VisualStudioVersion = 17.5.33502.453
MinimumVisualStudioVersion = 10.0.40219.1
Project("{FAE04EC0-301F-11D3-BF4B-00C04F79EFBC}") = "ExpenseTracker", "ExpenseTracker.csproj", "{B26B43FC-6106-43C5-BAF8-E9221F2FA34A}"
EndProject
Project("{2150E333-8FDC-42A3-9474-1A3956D46DE8}") = "Solution Items", "Solution Items", "{FDEF5375-DCA7-404A-A17B-60929DA707EB}"
	ProjectSection(SolutionItems) = preProject
		.editorconfig = .editorconfig
	EndProjectSection
EndProject
Global
	GlobalSection(SolutionConfigurationPlatforms) = preSolution
		Debug|Any CPU = Debug|Any CPU
		Release|Any CPU = Release|Any CPU
	EndGlobalSection
	GlobalSection(ProjectConfigurationPlatforms) = postSolution
		{B26B43FC-6106-43C5-BAF8-E9221F2FA34A}.Debug|Any CPU.ActiveCfg = Debug|Any CPU
		{B26B43FC-6106-43C5-BAF8-E9221F2FA34A}.Debug|Any CPU.Build.0 = Debug|Any CPU
		{B26B43FC-6106-43C5-BAF8-E9221F2FA34A}.Release|Any CPU.ActiveCfg = Release|Any CPU
		{B26B43FC-6106-43C5-BAF8-E9221F2FA34A}.Release|Any CPU.Build.0 = Release|Any CPU
	EndGlobalSection
	GlobalSection(SolutionProperties) = preSolution
		HideSolutionNode = FALSE
	EndGlobalSection
	GlobalSection(ExtensibilityGlobals) = postSolution
		SolutionGuid = {CEB26073-C689-44A8-8771-77ED93A79755}
	EndGlobalSection
EndGlobal
